
Microsoft Visual Studio Solution File, Format Version 12.00
# Visual Studio 15
VisualStudioVersion = 15.0.27130.2036
MinimumVisualStudioVersion = 10.0.40219.1
Project("{FAE04EC0-301F-11D3-BF4B-00C04F79EFBC}") = "CR501A", "CR501A\CR501A.csproj", "{FA9BC7C1-4AEF-44B3-9AEB-12A447349399}"
EndProject
Global
	GlobalSection(SolutionConfigurationPlatforms) = preSolution
		Debug|Any CPU = Debug|Any CPU
		Release|Any CPU = Release|Any CPU
	EndGlobalSection
	GlobalSection(ProjectConfigurationPlatforms) = postSolution
		{FA9BC7C1-4AEF-44B3-9AEB-12A447349399}.Debug|Any CPU.ActiveCfg = Debug|Any CPU
		{FA9BC7C1-4AEF-44B3-9AEB-12A447349399}.Debug|Any CPU.Build.0 = Debug|Any CPU
		{FA9BC7C1-4AEF-44B3-9AEB-12A447349399}.Release|Any CPU.ActiveCfg = Release|Any CPU
		{FA9BC7C1-4AEF-44B3-9AEB-12A447349399}.Release|Any CPU.Build.0 = Release|Any CPU
	EndGlobalSection
	GlobalSection(SolutionProperties) = preSolution
		HideSolutionNode = FALSE
	EndGlobalSection
	GlobalSection(ExtensibilityGlobals) = postSolution
		SolutionGuid = {AA9ED8F8-8F16-4E04-9807-000E83654B39}
	EndGlobalSection
EndGlobal
